// !$*UTF8*$!
{
	archiveVersion = 1;
	classes = {
	};
	objectVersion = 56;
	objects = {

/* Begin PBXBuildFile section */
		5CAA80922C9ABEBD001D1421 /* SchoolApp.swift in Sources */ = {isa = PBXBuildFile; fileRef = 5CAA80912C9ABEBD001D1421 /* SchoolApp.swift */; };
		5CAA80942C9ABEBD001D1421 /* ContentView.swift in Sources */ = {isa = PBXBuildFile; fileRef = 5CAA80932C9ABEBD001D1421 /* ContentView.swift */; };
		5CAA80962C9ABEBF001D1421 /* Assets.xcassets in Resources */ = {isa = PBXBuildFile; fileRef = 5CAA80952C9ABEBF001D1421 /* Assets.xcassets */; };
		5CAA80992C9ABEBF001D1421 /* Preview Assets.xcassets in Resources */ = {isa = PBXBuildFile; fileRef = 5CAA80982C9ABEBF001D1421 /* Preview Assets.xcassets */; };
		5CAA80A02C9ABEDD001D1421 /* SchoolModel.swift in Sources */ = {isa = PBXBuildFile; fileRef = 5CAA809F2C9ABEDD001D1421 /* SchoolModel.swift */; };
		5CAA80A22C9ABEFF001D1421 /* Networking.swift in Sources */ = {isa = PBXBuildFile; fileRef = 5CAA80A12C9ABEFF001D1421 /* Networking.swift */; };
		5CAA80A42C9ABF3D001D1421 /* SchoolViewModel.swift in Sources */ = {isa = PBXBuildFile; fileRef = 5CAA80A32C9ABF3D001D1421 /* SchoolViewModel.swift */; };
		5CAA80A62C9ABF7C001D1421 /* SchoolListView.swift in Sources */ = {isa = PBXBuildFile; fileRef = 5CAA80A52C9ABF7C001D1421 /* SchoolListView.swift */; };
		5CAA80A82C9ABFA8001D1421 /* SchoolDetailsView.swift in Sources */ = {isa = PBXBuildFile; fileRef = 5CAA80A72C9ABFA8001D1421 /* SchoolDetailsView.swift */; };
/* End PBXBuildFile section */

/* Begin PBXFileReference section */
		5CAA808E2C9ABEBD001D1421 /* School.app */ = {isa = PBXFileReference; explicitFileType = wrapper.application; includeInIndex = 0; path = School.app; sourceTree = BUILT_PRODUCTS_DIR; };
		5CAA80912C9ABEBD001D1421 /* SchoolApp.swift */ = {isa = PBXFileReference; lastKnownFileType = sourcecode.swift; path = SchoolApp.swift; sourceTree = "<group>"; };
		5CAA80932C9ABEBD001D1421 /* ContentView.swift */ = {isa = PBXFileReference; lastKnownFileType = sourcecode.swift; path = ContentView.swift; sourceTree = "<group>"; };
		5CAA80952C9ABEBF001D1421 /* Assets.xcassets */ = {isa = PBXFileReference; lastKnownFileType = folder.assetcatalog; path = Assets.xcassets; sourceTree = "<group>"; };
		5CAA80982C9ABEBF001D1421 /* Preview Assets.xcassets */ = {isa = PBXFileReference; lastKnownFileType = folder.assetcatalog; path = "Preview Assets.xcassets"; sourceTree = "<group>"; };
		5CAA809F2C9ABEDD001D1421 /* SchoolModel.swift */ = {isa = PBXFileReference; lastKnownFileType = sourcecode.swift; path = SchoolModel.swift; sourceTree = "<group>"; };
		5CAA80A12C9ABEFF001D1421 /* Networking.swift */ = {isa = PBXFileReference; lastKnownFileType = sourcecode.swift; path = Networking.swift; sourceTree = "<group>"; };
		5CAA80A32C9ABF3D001D1421 /* SchoolViewModel.swift */ = {isa = PBXFileReference; lastKnownFileType = sourcecode.swift; path = SchoolViewModel.swift; sourceTree = "<group>"; };
		5CAA80A52C9ABF7C001D1421 /* SchoolListView.swift */ = {isa = PBXFileReference; lastKnownFileType = sourcecode.swift; path = SchoolListView.swift; sourceTree = "<group>"; };
		5CAA80A72C9ABFA8001D1421 /* SchoolDetailsView.swift */ = {isa = PBXFileReference; lastKnownFileType = sourcecode.swift; path = SchoolDetailsView.swift; sourceTree = "<group>"; };
/* End PBXFileReference section */

/* Begin PBXFrameworksBuildPhase section */
		5CAA808B2C9ABEBD001D1421 /* Frameworks */ = {
			isa = PBXFrameworksBuildPhase;
			buildActionMask = 2147483647;
			files = (
			);
			runOnlyForDeploymentPostprocessing = 0;
		};
/* End PBXFrameworksBuildPhase section */

/* Begin PBXGroup section */
		5CAA80852C9ABEBD001D1421 = {
			isa = PBXGroup;
			children = (
				5CAA80902C9ABEBD001D1421 /* School */,
				5CAA808F2C9ABEBD001D1421 /* Products */,
			);
			sourceTree = "<group>";
		};
		5CAA808F2C9ABEBD001D1421 /* Products */ = {
			isa = PBXGroup;
			children = (
				5CAA808E2C9ABEBD001D1421 /* School.app */,
			);
			name = Products;
			sourceTree = "<group>";
		};
		5CAA80902C9ABEBD001D1421 /* School */ = {
			isa = PBXGroup;
			children = (
				5CB6954A2CA1566300947B54 /* SchoolModel */,
				5CB6954C2CA1567D00947B54 /* SchoolView */,
				5CB6954B2CA1567300947B54 /* SchoolViewModel */,
				5CAA80912C9ABEBD001D1421 /* SchoolApp.swift */,
				5CAA80932C9ABEBD001D1421 /* ContentView.swift */,
				5CAA80952C9ABEBF001D1421 /* Assets.xcassets */,
				5CAA80972C9ABEBF001D1421 /* Preview Content */,
			);
			path = School;
			sourceTree = "<group>";
		};
		5CAA80972C9ABEBF001D1421 /* Preview Content */ = {
			isa = PBXGroup;
			children = (
				5CAA80982C9ABEBF001D1421 /* Preview Assets.xcassets */,
			);
			path = "Preview Content";
			sourceTree = "<group>";
		};
		5CB6954A2CA1566300947B54 /* SchoolModel */ = {
			isa = PBXGroup;
			children = (
				5CAA809F2C9ABEDD001D1421 /* SchoolModel.swift */,
				5CAA80A12C9ABEFF001D1421 /* Networking.swift */,
			);
			path = SchoolModel;
			sourceTree = "<group>";
		};
		5CB6954B2CA1567300947B54 /* SchoolViewModel */ = {
			isa = PBXGroup;
			children = (
				5CAA80A32C9ABF3D001D1421 /* SchoolViewModel.swift */,
			);
			path = SchoolViewModel;
			sourceTree = "<group>";
		};
		5CB6954C2CA1567D00947B54 /* SchoolView */ = {
			isa = PBXGroup;
			children = (
				5CAA80A52C9ABF7C001D1421 /* SchoolListView.swift */,
				5CAA80A72C9ABFA8001D1421 /* SchoolDetailsView.swift */,
			);
			path = SchoolView;
			sourceTree = "<group>";
		};
/* End PBXGroup section */

/* Begin PBXNativeTarget section */
		5CAA808D2C9ABEBD001D1421 /* School */ = {
			isa = PBXNativeTarget;
			buildConfigurationList = 5CAA809C2C9ABEBF001D1421 /* Build configuration list for PBXNativeTarget "School" */;
			buildPhases = (
				5CAA808A2C9ABEBD001D1421 /* Sources */,
				5CAA808B2C9ABEBD001D1421 /* Frameworks */,
				5CAA808C2C9ABEBD001D1421 /* Resources */,
			);
			buildRules = (
			);
			dependencies = (
			);
			name = School;
			productName = School;
			productReference = 5CAA808E2C9ABEBD001D1421 /* School.app */;
			productType = "com.apple.product-type.application";
		};
/* End PBXNativeTarget section */

/* Begin PBXProject section */
		5CAA80862C9ABEBD001D1421 /* Project object */ = {
			isa = PBXProject;
			attributes = {
				BuildIndependentTargetsInParallel = 1;
				LastSwiftUpdateCheck = 1520;
				LastUpgradeCheck = 1520;
				TargetAttributes = {
					5CAA808D2C9ABEBD001D1421 = {
						CreatedOnToolsVersion = 15.2;
					};
				};
			};
			buildConfigurationList = 5CAA80892C9ABEBD001D1421 /* Build configuration list for PBXProject "School" */;
			compatibilityVersion = "Xcode 14.0";
			developmentRegion = en;
			hasScannedForEncodings = 0;
			knownRegions = (
				en,
				Base,
			);
			mainGroup = 5CAA80852C9ABEBD001D1421;
			productRefGroup = 5CAA808F2C9ABEBD001D1421 /* Products */;
			projectDirPath = "";
			projectRoot = "";
			targets = (
				5CAA808D2C9ABEBD001D1421 /* School */,
			);
		};
/* End PBXProject section */

/* Begin PBXResourcesBuildPhase section */
		5CAA808C2C9ABEBD001D1421 /* Resources */ = {
			isa = PBXResourcesBuildPhase;
			buildActionMask = 2147483647;
			files = (
				5CAA80992C9ABEBF001D1421 /* Preview Assets.xcassets in Resources */,
				5CAA80962C9ABEBF001D1421 /* Assets.xcassets in Resources */,
			);
			runOnlyForDeploymentPostprocessing = 0;
		};
/* End PBXResourcesBuildPhase section */

/* Begin PBXSourcesBuildPhase section */
		5CAA808A2C9ABEBD001D1421 /* Sources */ = {
			isa = PBXSourcesBuildPhase;
			buildActionMask = 2147483647;
			files = (
				5CAA80942C9ABEBD001D1421 /* ContentView.swift in Sources */,
				5CAA80A02C9ABEDD001D1421 /* SchoolModel.swift in Sources */,
				5CAA80A82C9ABFA8001D1421 /* SchoolDetailsView.swift in Sources */,
				5CAA80A62C9ABF7C001D1421 /* SchoolListView.swift in Sources */,
				5CAA80922C9ABEBD001D1421 /* SchoolApp.swift in Sources */,
				5CAA80A42C9ABF3D001D1421 /* SchoolViewModel.swift in Sources */,
				5CAA80A22C9ABEFF001D1421 /* Networking.swift in Sources */,
			);
			runOnlyForDeploymentPostprocessing = 0;
		};
/* End PBXSourcesBuildPhase section */

/* Begin XCBuildConfiguration section */
		5CAA809A2C9ABEBF001D1421 /* Debug */ = {
			isa = XCBuildConfiguration;
			buildSettings = {
				ALWAYS_SEARCH_USER_PATHS = NO;
				ASSETCATALOG_COMPILER_GENERATE_SWIFT_ASSET_SYMBOL_EXTENSIONS = YES;
				CLANG_ANALYZER_NONNULL = YES;
				CLANG_ANALYZER_NUMBER_OBJECT_CONVERSION = YES_AGGRESSIVE;
				CLANG_CXX_LANGUAGE_STANDARD = "gnu++20";
				CLANG_ENABLE_MODULES = YES;
				CLANG_ENABLE_OBJC_ARC = YES;
				CLANG_ENABLE_OBJC_WEAK = YES;
				CLANG_WARN_BLOCK_CAPTURE_AUTORELEASING = YES;
				CLANG_WARN_BOOL_CONVERSION = YES;
				CLANG_WARN_COMMA = YES;
				CLANG_WARN_CONSTANT_CONVERSION = YES;
				CLANG_WARN_DEPRECATED_OBJC_IMPLEMENTATIONS = YES;
				CLANG_WARN_DIRECT_OBJC_ISA_USAGE = YES_ERROR;
				CLANG_WARN_DOCUMENTATION_COMMENTS = YES;
				CLANG_WARN_EMPTY_BODY = YES;
				CLANG_WARN_ENUM_CONVERSION = YES;
				CLANG_WARN_INFINITE_RECURSION = YES;
				CLANG_WARN_INT_CONVERSION = YES;
				CLANG_WARN_NON_LITERAL_NULL_CONVERSION = YES;
				CLANG_WARN_OBJC_IMPLICIT_RETAIN_SELF = YES;
				CLANG_WARN_OBJC_LITERAL_CONVERSION = YES;
				CLANG_WARN_OBJC_ROOT_CLASS = YES_ERROR;
				CLANG_WARN_QUOTED_INCLUDE_IN_FRAMEWORK_HEADER = YES;
				CLANG_WARN_RANGE_LOOP_ANALYSIS = YES;
				CLANG_WARN_STRICT_PROTOTYPES = YES;
				CLANG_WARN_SUSPICIOUS_MOVE = YES;
				CLANG_WARN_UNGUARDED_AVAILABILITY = YES_AGGRESSIVE;
				CLANG_WARN_UNREACHABLE_CODE = YES;
				CLANG_WARN__DUPLICATE_METHOD_MATCH = YES;
				COPY_PHASE_STRIP = NO;
				DEBUG_INFORMATION_FORMAT = dwarf;
				ENABLE_STRICT_OBJC_MSGSEND = YES;
				ENABLE_TESTABILITY = YES;
				ENABLE_USER_SCRIPT_SANDBOXING = YES;
				GCC_C_LANGUAGE_STANDARD = gnu17;
				GCC_DYNAMIC_NO_PIC = NO;
				GCC_NO_COMMON_BLOCKS = YES;
				GCC_OPTIMIZATION_LEVEL = 0;
				GCC_PREPROCESSOR_DEFINITIONS = (
					"DEBUG=1",
					"$(inherited)",
				);
				GCC_WARN_64_TO_32_BIT_CONVERSION = YES;
				GCC_WARN_ABOUT_RETURN_TYPE = YES_ERROR;
				GCC_WARN_UNDECLARED_SELECTOR = YES;
				GCC_WARN_UNINITIALIZED_AUTOS = YES_AGGRESSIVE;
				GCC_WARN_UNUSED_FUNCTION = YES;
				GCC_WARN_UNUSED_VARIABLE = YES;
				IPHONEOS_DEPLOYMENT_TARGET = 17.2;
				LOCALIZATION_PREFERS_STRING_CATALOGS = YES;
				MTL_ENABLE_DEBUG_INFO = INCLUDE_SOURCE;
				MTL_FAST_MATH = YES;
				ONLY_ACTIVE_ARCH = YES;
				SDKROOT = iphoneos;
				SWIFT_ACTIVE_COMPILATION_CONDITIONS = "DEBUG $(inherited)";
				SWIFT_OPTIMIZATION_LEVEL = "-Onone";
			};
			name = Debug;
		};
		5CAA809B2C9ABEBF001D1421 /* Release */ = {
			isa = XCBuildConfiguration;
			buildSettings = {
				ALWAYS_SEARCH_USER_PATHS = NO;
				ASSETCATALOG_COMPILER_GENERATE_SWIFT_ASSET_SYMBOL_EXTENSIONS = YES;
				CLANG_ANALYZER_NONNULL = YES;
				CLANG_ANALYZER_NUMBER_OBJECT_CONVERSION = YES_AGGRESSIVE;
				CLANG_CXX_LANGUAGE_STANDARD = "gnu++20";
				CLANG_ENABLE_MODULES = YES;
				CLANG_ENABLE_OBJC_ARC = YES;
				CLANG_ENABLE_OBJC_WEAK = YES;
				CLANG_WARN_BLOCK_CAPTURE_AUTORELEASING = YES;
				CLANG_WARN_BOOL_CONVERSION = YES;
				CLANG_WARN_COMMA = YES;
				CLANG_WARN_CONSTANT_CONVERSION = YES;
				CLANG_WARN_DEPRECATED_OBJC_IMPLEMENTATIONS = YES;
				CLANG_WARN_DIRECT_OBJC_ISA_USAGE = YES_ERROR;
				CLANG_WARN_DOCUMENTATION_COMMENTS = YES;
				CLANG_WARN_EMPTY_BODY = YES;
				CLANG_WARN_ENUM_CONVERSION = YES;
				CLANG_WARN_INFINITE_RECURSION = YES;
				CLANG_WARN_INT_CONVERSION = YES;
				CLANG_WARN_NON_LITERAL_NULL_CONVERSION = YES;
				CLANG_WARN_OBJC_IMPLICIT_RETAIN_SELF = YES;
				CLANG_WARN_OBJC_LITERAL_CONVERSION = YES;
				CLANG_WARN_OBJC_ROOT_CLASS = YES_ERROR;
				CLANG_WARN_QUOTED_INCLUDE_IN_FRAMEWORK_HEADER = YES;
				CLANG_WARN_RANGE_LOOP_ANALYSIS = YES;
				CLANG_WARN_STRICT_PROTOTYPES = YES;
				CLANG_WARN_SUSPICIOUS_MOVE = YES;
				CLANG_WARN_UNGUARDED_AVAILABILITY = YES_AGGRESSIVE;
				CLANG_WARN_UNREACHABLE_CODE = YES;
				CLANG_WARN__DUPLICATE_METHOD_MATCH = YES;
				COPY_PHASE_STRIP = NO;
				DEBUG_INFORMATION_FORMAT = "dwarf-with-dsym";
				ENABLE_NS_ASSERTIONS = NO;
				ENABLE_STRICT_OBJC_MSGSEND = YES;
				ENABLE_USER_SCRIPT_SANDBOXING = YES;
				GCC_C_LANGUAGE_STANDARD = gnu17;
				GCC_NO_COMMON_BLOCKS = YES;
				GCC_WARN_64_TO_32_BIT_CONVERSION = YES;
				GCC_WARN_ABOUT_RETURN_TYPE = YES_ERROR;
				GCC_WARN_UNDECLARED_SELECTOR = YES;
				GCC_WARN_UNINITIALIZED_AUTOS = YES_AGGRESSIVE;
				GCC_WARN_UNUSED_FUNCTION = YES;
				GCC_WARN_UNUSED_VARIABLE = YES;
				IPHONEOS_DEPLOYMENT_TARGET = 17.2;
				LOCALIZATION_PREFERS_STRING_CATALOGS = YES;
				MTL_ENABLE_DEBUG_INFO = NO;
				MTL_FAST_MATH = YES;
				SDKROOT = iphoneos;
				SWIFT_COMPILATION_MODE = wholemodule;
				VALIDATE_PRODUCT = YES;
			};
			name = Release;
		};
		5CAA809D2C9ABEBF001D1421 /* Debug */ = {
			isa = XCBuildConfiguration;
			buildSettings = {
				ASSETCATALOG_COMPILER_APPICON_NAME = AppIcon;
				ASSETCATALOG_COMPILER_GLOBAL_ACCENT_COLOR_NAME = AccentColor;
				CODE_SIGN_STYLE = Automatic;
				CURRENT_PROJECT_VERSION = 1;
				DEVELOPMENT_ASSET_PATHS = "\"School/Preview Content\"";
				DEVELOPMENT_TEAM = 9SQR4W67J4;
				ENABLE_PREVIEWS = YES;
				GENERATE_INFOPLIST_FILE = YES;
				INFOPLIST_KEY_UIApplicationSceneManifest_Generation = YES;
				INFOPLIST_KEY_UIApplicationSupportsIndirectInputEvents = YES;
				INFOPLIST_KEY_UILaunchScreen_Generation = YES;
				INFOPLIST_KEY_UISupportedInterfaceOrientations_iPad = "UIInterfaceOrientationPortrait UIInterfaceOrientationPortraitUpsideDown UIInterfaceOrientationLandscapeLeft UIInterfaceOrientationLandscapeRight";
				INFOPLIST_KEY_UISupportedInterfaceOrientations_iPhone = "UIInterfaceOrientationPortrait UIInterfaceOrientationLandscapeLeft UIInterfaceOrientationLandscapeRight";
				LD_RUNPATH_SEARCH_PATHS = (
					"$(inherited)",
					"@executable_path/Frameworks",
				);
				MARKETING_VERSION = 1.0;
				PRODUCT_BUNDLE_IDENTIFIER = com.drifter.School;
				PRODUCT_NAME = "$(TARGET_NAME)";
				SWIFT_EMIT_LOC_STRINGS = YES;
				SWIFT_VERSION = 5.0;
				TARGETED_DEVICE_FAMILY = "1,2";
			};
			name = Debug;
		};
		5CAA809E2C9ABEBF001D1421 /* Release */ = {
			isa = XCBuildConfiguration;
			buildSettings = {
				ASSETCATALOG_COMPILER_APPICON_NAME = AppIcon;
				ASSETCATALOG_COMPILER_GLOBAL_ACCENT_COLOR_NAME = AccentColor;
				CODE_SIGN_STYLE = Automatic;
				CURRENT_PROJECT_VERSION = 1;
				DEVELOPMENT_ASSET_PATHS = "\"School/Preview Content\"";
				DEVELOPMENT_TEAM = 9SQR4W67J4;
				ENABLE_PREVIEWS = YES;
				GENERATE_INFOPLIST_FILE = YES;
				INFOPLIST_KEY_UIApplicationSceneManifest_Generation = YES;
				INFOPLIST_KEY_UIApplicationSupportsIndirectInputEvents = YES;
				INFOPLIST_KEY_UILaunchScreen_Generation = YES;
				INFOPLIST_KEY_UISupportedInterfaceOrientations_iPad = "UIInterfaceOrientationPortrait UIInterfaceOrientationPortraitUpsideDown UIInterfaceOrientationLandscapeLeft UIInterfaceOrientationLandscapeRight";
				INFOPLIST_KEY_UISupportedInterfaceOrientations_iPhone = "UIInterfaceOrientationPortrait UIInterfaceOrientationLandscapeLeft UIInterfaceOrientationLandscapeRight";
				LD_RUNPATH_SEARCH_PATHS = (
					"$(inherited)",
					"@executable_path/Frameworks",
				);
				MARKETING_VERSION = 1.0;
				PRODUCT_BUNDLE_IDENTIFIER = com.drifter.School;
				PRODUCT_NAME = "$(TARGET_NAME)";
				SWIFT_EMIT_LOC_STRINGS = YES;
				SWIFT_VERSION = 5.0;
				TARGETED_DEVICE_FAMILY = "1,2";
			};
			name = Release;
		};
/* End XCBuildConfiguration section */

/* Begin XCConfigurationList section */
		5CAA80892C9ABEBD001D1421 /* Build configuration list for PBXProject "School" */ = {
			isa = XCConfigurationList;
			buildConfigurations = (
				5CAA809A2C9ABEBF001D1421 /* Debug */,
				5CAA809B2C9ABEBF001D1421 /* Release */,
			);
			defaultConfigurationIsVisible = 0;
			defaultConfigurationName = Release;
		};
		5CAA809C2C9ABEBF001D1421 /* Build configuration list for PBXNativeTarget "School" */ = {
			isa = XCConfigurationList;
			buildConfigurations = (
				5CAA809D2C9ABEBF001D1421 /* Debug */,
				5CAA809E2C9ABEBF001D1421 /* Release */,
			);
			defaultConfigurationIsVisible = 0;
			defaultConfigurationName = Release;
		};
/* End XCConfigurationList section */
	};
	rootObject = 5CAA80862C9ABEBD001D1421 /* Project object */;
}
